<?xml version="1.0" encoding="utf-8"?>
<Project ToolsVersion="4.0" xmlns="http://schemas.microsoft.com/developer/msbuild/2003">
  <ItemGroup>
    <Filter Include="Source Files">
      <UniqueIdentifier>{40e91645-fa05-4595-a539-5a627b7aa5ee}</UniqueIdentifier>
      <Extensions>cpp;c;cxx;def;odl;idl;hpj;bat;asm</Extensions>
    </Filter>
    <Filter Include="Header Files">
      <UniqueIdentifier>{b39e3791-0199-4f16-99f2-a45a41105cb7}</UniqueIdentifier>
      <Extensions>h;hpp;hxx;hm;inl;inc</Extensions>
    </Filter>
    <Filter Include="Resource Files">
      <UniqueIdentifier>{ff9b3343-08e0-4f13-a982-ce16b22751f7}</UniqueIdentifier>
      <Extensions>rc;ico;cur;bmp;dlg;rc2;rct;bin;rgs;jpg;jpeg;jpe;manifest</Extensions>
    </Filter>
  </ItemGroup>
  <ItemGroup>
    <ClCompile Include="nsfplay.cpp">
      <Filter>Source Files</Filter>
    </ClCompile>
    <ClCompile Include="nsfplayDlg.cpp">
      <Filter>Source Files</Filter>
    </ClCompile>
    <ClCompile Include="stdafx.cpp">
      <Filter>Source Files</Filter>
    </ClCompile>
  </ItemGroup>
  <ItemGroup>
    <ClInclude Include="nsfplay.h">
      <Filter>Header Files</Filter>
    </ClInclude>
    <ClInclude Include="nsfplayDlg.h">
      <Filter>Header Files</Filter>
    </ClInclude>
    <ClInclude Include="Resource.h">
      <Filter>Header Files</Filter>
    </ClInclude>
    <ClInclude Include="stdafx.h">
      <Filter>Header Files</Filter>
    </ClInclude>
  </ItemGroup>
  <ItemGroup>
    <Image Include="res\about.ico">
      <Filter>Resource Files</Filter>
    </Image>
    <Image Include="res\config.ico">
      <Filter>Resource Files</Filter>
    </Image>
    <Image Include="res\next.ico">
      <Filter>Resource Files</Filter>
    </Image>
    <Image Include="res\nsfplay.ico">
      <Filter>Resource Files</Filter>
    </Image>
    <Image Include="res\nsfplug.ico">
      <Filter>Resource Files</Filter>
    </Image>
    <Image Include="res\open.ico">
      <Filter>Resource Files</Filter>
    </Image>
    <Image Include="res\pause.ico">
      <Filter>Resource Files</Filter>
    </Image>
    <Image Include="res\play.ico">
      <Filter>Resource Files</Filter>
    </Image>
    <Image Include="res\prev.ico">
      <Filter>Resource Files</Filter>
    </Image>
    <Image Include="res\prop.ico">
      <Filter>Resource Files</Filter>
    </Image>
    <Image Include="res\stop.ico">
      <Filter>Resource Files</Filter>
    </Image>
    <Image Include="res\volume.bmp">
      <Filter>Resource Files</Filter>
    </Image>
    <Image Include="res\volume.ico">
      <Filter>Resource Files</Filter>
    </Image>
    <Image Include="res\waveout.ico">
      <Filter>Resource Files</Filter>
    </Image>
  </ItemGroup>
  <ItemGroup>
    <Manifest Include="res\nsfplay.manifest">
      <Filter>Resource Files</Filter>
    </Manifest>
  </ItemGroup>
  <ItemGroup>
    <ResourceCompile Include="nsfplay.rc">
      <Filter>Resource Files</Filter>
    </ResourceCompile>
  </ItemGroup>
  <ItemGroup>
    <None Include="res\nsfplay.rc2">
      <Filter>Resource Files</Filter>
    </None>
  </ItemGroup>
</Project>