<?xml version="1.0" encoding="utf-8"?>
<Project ToolsVersion="4.0" xmlns="http://schemas.microsoft.com/developer/msbuild/2003">
  <ItemGroup>
    <Filter Include="include">
      <UniqueIdentifier>{c7f1cbab-0cae-4490-902a-53145f6e548b}</UniqueIdentifier>
    </Filter>
    <Filter Include="player">
      <UniqueIdentifier>{dc25b865-a7e9-4b36-9cb1-de750160dcb5}</UniqueIdentifier>
    </Filter>
    <Filter Include="player\nsf">
      <UniqueIdentifier>{81eb9243-fa65-4c28-b375-c4f3977c79e7}</UniqueIdentifier>
    </Filter>
    <Filter Include="player\plugin">
      <UniqueIdentifier>{f25ca49e-5024-4280-a31f-9c08ab64344c}</UniqueIdentifier>
    </Filter>
    <Filter Include="player\plugin\kbmedia">
      <UniqueIdentifier>{16ca5787-205d-41f7-8d2e-f7c7945d01d3}</UniqueIdentifier>
    </Filter>
    <Filter Include="player\plugin\winamp2">
      <UniqueIdentifier>{6da2cf2e-c3d4-4978-a36d-797196f75b6a}</UniqueIdentifier>
    </Filter>
    <Filter Include="devices">
      <UniqueIdentifier>{c79f7a58-9190-4b0f-8e2e-1bd9278901e6}</UniqueIdentifier>
    </Filter>
    <Filter Include="devices\cpu">
      <UniqueIdentifier>{780b9ef5-5f74-403d-b769-847ce61ee848}</UniqueIdentifier>
    </Filter>
    <Filter Include="devices\cpu\6502">
      <UniqueIdentifier>{04d5bc8d-035d-4cdd-92e1-c66c8117c0c6}</UniqueIdentifier>
    </Filter>
    <Filter Include="devices\cpu\6502\km6502">
      <UniqueIdentifier>{d4915edb-5ab4-4bdd-89e7-bee0b4457922}</UniqueIdentifier>
    </Filter>
    <Filter Include="devices\audio">
      <UniqueIdentifier>{edbda521-356c-4d1a-aad5-03c13eaa92ed}</UniqueIdentifier>
    </Filter>
    <Filter Include="devices\sound">
      <UniqueIdentifier>{399c150f-9f2e-43c6-8db8-051540475d99}</UniqueIdentifier>
    </Filter>
    <Filter Include="devices\sound\legacy">
      <UniqueIdentifier>{867fbeb5-040b-4509-b271-8d04eb7dd999}</UniqueIdentifier>
    </Filter>
    <Filter Include="devices\memory">
      <UniqueIdentifier>{648257e9-5f6b-4224-a3d6-299747411508}</UniqueIdentifier>
    </Filter>
    <Filter Include="devices\misc">
      <UniqueIdentifier>{5e0a88a0-ec7e-485f-808a-d83d1f0165b8}</UniqueIdentifier>
    </Filter>
    <Filter Include="utils">
      <UniqueIdentifier>{67d90b40-f926-4ea7-94f9-355a652270b6}</UniqueIdentifier>
    </Filter>
  </ItemGroup>
  <ItemGroup>
    <ClInclude Include="debugout.h">
      <Filter>include</Filter>
    </ClInclude>
    <ClInclude Include="version.h">
      <Filter>include</Filter>
    </ClInclude>
    <ClInclude Include="xgm.h">
      <Filter>include</Filter>
    </ClInclude>
    <ClInclude Include="xtypes.h">
      <Filter>include</Filter>
    </ClInclude>
    <ClInclude Include="player\all.h">
      <Filter>player</Filter>
    </ClInclude>
    <ClInclude Include="player\midi_interface.h">
      <Filter>player</Filter>
    </ClInclude>
    <ClInclude Include="player\player.h">
      <Filter>player</Filter>
    </ClInclude>
    <ClInclude Include="player\soundData.h">
      <Filter>player</Filter>
    </ClInclude>
    <ClInclude Include="player\nsf\nsf.h">
      <Filter>player\nsf</Filter>
    </ClInclude>
    <ClInclude Include="player\nsf\nsfconfig.h">
      <Filter>player\nsf</Filter>
    </ClInclude>
    <ClInclude Include="player\nsf\nsfplay.h">
      <Filter>player\nsf</Filter>
    </ClInclude>
    <ClInclude Include="player\nsf\pls\ppls.h">
      <Filter>player\nsf</Filter>
    </ClInclude>
    <ClInclude Include="player\nsf\pls\sstream.h">
      <Filter>player\nsf</Filter>
    </ClInclude>
    <ClInclude Include="player\plugin\kbmedia\sdk\kmp_pi.h">
      <Filter>player\plugin\kbmedia</Filter>
    </ClInclude>
    <ClInclude Include="player\plugin\kbmedia\plugin.h">
      <Filter>player\plugin\kbmedia</Filter>
    </ClInclude>
    <ClInclude Include="player\plugin\winamp2\sdk\FRONTEND.H">
      <Filter>player\plugin\winamp2</Filter>
    </ClInclude>
    <ClInclude Include="player\plugin\winamp2\sdk\IN2.H">
      <Filter>player\plugin\winamp2</Filter>
    </ClInclude>
    <ClInclude Include="player\plugin\winamp2\in_module.h">
      <Filter>player\plugin\winamp2</Filter>
    </ClInclude>
    <ClInclude Include="player\plugin\winamp2\sdk\OUT.H">
      <Filter>player\plugin\winamp2</Filter>
    </ClInclude>
    <ClInclude Include="devices\all.h">
      <Filter>devices</Filter>
    </ClInclude>
    <ClInclude Include="devices\device.h">
      <Filter>devices</Filter>
    </ClInclude>
    <ClInclude Include="devices\devinfo.h">
      <Filter>devices</Filter>
    </ClInclude>
    <ClInclude Include="devices\CPU\nes_cpu.h">
      <Filter>devices\cpu\6502</Filter>
    </ClInclude>
    <ClInclude Include="devices\CPU\km6502\km6280.h">
      <Filter>devices\cpu\6502\km6502</Filter>
    </ClInclude>
    <ClInclude Include="devices\CPU\km6502\km6280m.h">
      <Filter>devices\cpu\6502\km6502</Filter>
    </ClInclude>
    <ClInclude Include="devices\CPU\km6502\km6502.h">
      <Filter>devices\cpu\6502\km6502</Filter>
    </ClInclude>
    <ClInclude Include="devices\CPU\km6502\km6502cd.h">
      <Filter>devices\cpu\6502\km6502</Filter>
    </ClInclude>
    <ClInclude Include="devices\CPU\km6502\km6502ct.h">
      <Filter>devices\cpu\6502\km6502</Filter>
    </ClInclude>
    <ClInclude Include="devices\CPU\km6502\km6502ex.h">
      <Filter>devices\cpu\6502\km6502</Filter>
    </ClInclude>
    <ClInclude Include="devices\CPU\km6502\km6502ft.h">
      <Filter>devices\cpu\6502\km6502</Filter>
    </ClInclude>
    <ClInclude Include="devices\CPU\km6502\km6502m.h">
      <Filter>devices\cpu\6502\km6502</Filter>
    </ClInclude>
    <ClInclude Include="devices\CPU\km6502\km6502ot.h">
      <Filter>devices\cpu\6502\km6502</Filter>
    </ClInclude>
    <ClInclude Include="devices\CPU\km6502\km65c02.h">
      <Filter>devices\cpu\6502\km6502</Filter>
    </ClInclude>
    <ClInclude Include="devices\CPU\km6502\km65c02m.h">
      <Filter>devices\cpu\6502\km6502</Filter>
    </ClInclude>
    <ClInclude Include="devices\CPU\km6502\kmconfig.h">
      <Filter>devices\cpu\6502\km6502</Filter>
    </ClInclude>
    <ClInclude Include="devices\Audio\amplifier.h">
      <Filter>devices\audio</Filter>
    </ClInclude>
    <ClInclude Include="devices\Audio\echo.h">
      <Filter>devices\audio</Filter>
    </ClInclude>
    <ClInclude Include="devices\Audio\filter.h">
      <Filter>devices\audio</Filter>
    </ClInclude>
    <ClInclude Include="devices\Audio\MedianFilter.h">
      <Filter>devices\audio</Filter>
    </ClInclude>
    <ClInclude Include="devices\Audio\mixer.h">
      <Filter>devices\audio</Filter>
    </ClInclude>
    <ClInclude Include="devices\Audio\rconv.h">
      <Filter>devices\audio</Filter>
    </ClInclude>
    <ClInclude Include="devices\Sound\nes_apu.h">
      <Filter>devices\sound</Filter>
    </ClInclude>
    <ClInclude Include="devices\Sound\nes_dmc.h">
      <Filter>devices\sound</Filter>
    </ClInclude>
    <ClInclude Include="devices\Sound\nes_fds.h">
      <Filter>devices\sound</Filter>
    </ClInclude>
    <ClInclude Include="devices\Sound\nes_fme7.h">
      <Filter>devices\sound</Filter>
    </ClInclude>
    <ClInclude Include="devices\Sound\nes_mmc5.h">
      <Filter>devices\sound</Filter>
    </ClInclude>
    <ClInclude Include="devices\Sound\nes_n106.h">
      <Filter>devices\sound</Filter>
    </ClInclude>
    <ClInclude Include="devices\Sound\nes_vrc6.h">
      <Filter>devices\sound</Filter>
    </ClInclude>
    <ClInclude Include="devices\Sound\nes_vrc7.h">
      <Filter>devices\sound</Filter>
    </ClInclude>
    <ClInclude Include="devices\Sound\legacy\2413tone.h">
      <Filter>devices\sound\legacy</Filter>
    </ClInclude>
    <ClInclude Include="devices\Sound\legacy\281btone.h">
      <Filter>devices\sound\legacy</Filter>
    </ClInclude>
    <ClInclude Include="devices\Sound\legacy\emu2149.h">
      <Filter>devices\sound\legacy</Filter>
    </ClInclude>
    <ClInclude Include="devices\Sound\legacy\emu2212.h">
      <Filter>devices\sound\legacy</Filter>
    </ClInclude>
    <ClInclude Include="devices\Sound\legacy\emu2413.h">
      <Filter>devices\sound\legacy</Filter>
    </ClInclude>
    <ClInclude Include="devices\Sound\legacy\emutypes.h">
      <Filter>devices\sound\legacy</Filter>
    </ClInclude>
    <ClInclude Include="devices\Sound\legacy\vrc7tone_ft35.h">
      <Filter>devices\sound\legacy</Filter>
    </ClInclude>
    <ClInclude Include="devices\Sound\legacy\vrc7tone_ft36.h">
      <Filter>devices\sound\legacy</Filter>
    </ClInclude>
    <ClInclude Include="devices\Sound\legacy\vrc7tone_kt1.h">
      <Filter>devices\sound\legacy</Filter>
    </ClInclude>
    <ClInclude Include="devices\Sound\legacy\vrc7tone_kt2.h">
      <Filter>devices\sound\legacy</Filter>
    </ClInclude>
    <ClInclude Include="devices\Sound\legacy\vrc7tone_mo.h">
      <Filter>devices\sound\legacy</Filter>
    </ClInclude>
    <ClInclude Include="devices\Sound\legacy\vrc7tone_rw.h">
      <Filter>devices\sound\legacy</Filter>
    </ClInclude>
    <ClInclude Include="devices\Memory\nes_bank.h">
      <Filter>devices\memory</Filter>
    </ClInclude>
    <ClInclude Include="devices\Memory\nes_mem.h">
      <Filter>devices\memory</Filter>
    </ClInclude>
    <ClInclude Include="devices\Memory\ram64k.h">
      <Filter>devices\memory</Filter>
    </ClInclude>
    <ClInclude Include="devices\Misc\detect.h">
      <Filter>devices\misc</Filter>
    </ClInclude>
    <ClInclude Include="devices\Misc\log_cpu.h">
      <Filter>devices\misc</Filter>
    </ClInclude>
    <ClInclude Include="devices\Misc\nes_detect.h">
      <Filter>devices\misc</Filter>
    </ClInclude>
    <ClInclude Include="utils\nsf_tag.h">
      <Filter>utils</Filter>
    </ClInclude>
    <ClInclude Include="utils\tagctrl.h">
      <Filter>utils</Filter>
    </ClInclude>
  </ItemGroup>
  <ItemGroup>
    <ClCompile Include="player\nsf\nsf.cpp">
      <Filter>player\nsf</Filter>
    </ClCompile>
    <ClCompile Include="player\nsf\nsfconfig.cpp">
      <Filter>player\nsf</Filter>
    </ClCompile>
    <ClCompile Include="player\nsf\nsfplay.cpp">
      <Filter>player\nsf</Filter>
    </ClCompile>
    <ClCompile Include="player\nsf\pls\ppls.cpp">
      <Filter>player\nsf</Filter>
    </ClCompile>
    <ClCompile Include="player\nsf\pls\sstream.cpp">
      <Filter>player\nsf</Filter>
    </ClCompile>
    <ClCompile Include="player\plugin\winamp2\in_module.cpp">
      <Filter>player\plugin\winamp2</Filter>
    </ClCompile>
    <ClCompile Include="player\plugin\winamp2\in_module_msp.cpp">
      <Filter>player\plugin\winamp2</Filter>
    </ClCompile>
    <ClCompile Include="player\plugin\kbmedia\plugin.cpp">
      <Filter>player\plugin\winamp2</Filter>
    </ClCompile>
    <ClCompile Include="devices\CPU\nes_cpu.cpp">
      <Filter>devices\cpu\6502</Filter>
    </ClCompile>
    <ClCompile Include="devices\Audio\echo.cpp">
      <Filter>devices\audio</Filter>
    </ClCompile>
    <ClCompile Include="devices\Audio\filter.cpp">
      <Filter>devices\audio</Filter>
    </ClCompile>
    <ClCompile Include="devices\Audio\MedianFilter.cpp">
      <Filter>devices\audio</Filter>
    </ClCompile>
    <ClCompile Include="devices\Audio\rconv.cpp">
      <Filter>devices\audio</Filter>
    </ClCompile>
    <ClCompile Include="devices\Sound\nes_apu.cpp">
      <Filter>devices\sound</Filter>
    </ClCompile>
    <ClCompile Include="devices\Sound\nes_dmc.cpp">
      <Filter>devices\sound</Filter>
    </ClCompile>
    <ClCompile Include="devices\Sound\nes_fds.cpp">
      <Filter>devices\sound</Filter>
    </ClCompile>
    <ClCompile Include="devices\Sound\nes_fme7.cpp">
      <Filter>devices\sound</Filter>
    </ClCompile>
    <ClCompile Include="devices\Sound\nes_mmc5.cpp">
      <Filter>devices\sound</Filter>
    </ClCompile>
    <ClCompile Include="devices\Sound\nes_n106.cpp">
      <Filter>devices\sound</Filter>
    </ClCompile>
    <ClCompile Include="devices\Sound\nes_vrc6.cpp">
      <Filter>devices\sound</Filter>
    </ClCompile>
    <ClCompile Include="devices\Sound\nes_vrc7.cpp">
      <Filter>devices\sound</Filter>
    </ClCompile>
    <ClCompile Include="devices\Sound\legacy\emu2149.c">
      <Filter>devices\sound\legacy</Filter>
    </ClCompile>
    <ClCompile Include="devices\Sound\legacy\emu2212.c">
      <Filter>devices\sound\legacy</Filter>
    </ClCompile>
    <ClCompile Include="devices\Sound\legacy\emu2413.c">
      <Filter>devices\sound\legacy</Filter>
    </ClCompile>
    <ClCompile Include="devices\Memory\nes_bank.cpp">
      <Filter>devices\memory</Filter>
    </ClCompile>
    <ClCompile Include="devices\Memory\nes_mem.cpp">
      <Filter>devices\memory</Filter>
    </ClCompile>
    <ClCompile Include="devices\Memory\ram64k.cpp">
      <Filter>devices\memory</Filter>
    </ClCompile>
    <ClCompile Include="devices\Misc\detect.cpp">
      <Filter>devices\misc</Filter>
    </ClCompile>
    <ClCompile Include="devices\Misc\log_cpu.cpp">
      <Filter>devices\misc</Filter>
    </ClCompile>
    <ClCompile Include="devices\Misc\nes_detect.cpp">
      <Filter>devices\misc</Filter>
    </ClCompile>
    <ClCompile Include="utils\nsf_tag.cpp">
      <Filter>utils</Filter>
    </ClCompile>
  </ItemGroup>
</Project>